// !$*UTF8*$!
{
	archiveVersion = 1;
	classes = {
	};
	objectVersion = 50;
	objects = {

/* Begin PBXBuildFile section */
		3AE89B4826E7F0B300A4C1BA /* main.swift in Sources */ = {isa = PBXBuildFile; fileRef = 3AE89B4726E7F0B300A4C1BA /* main.swift */; };
		3AE89B4F26E7F26000A4C1BA /* PopularCharacted.swift in Sources */ = {isa = PBXBuildFile; fileRef = 3AE89B4E26E7F26000A4C1BA /* PopularCharacted.swift */; };
		3AE89B5126E7F28300A4C1BA /* ChezarShifr.swift in Sources */ = {isa = PBXBuildFile; fileRef = 3AE89B5026E7F28300A4C1BA /* ChezarShifr.swift */; };
/* End PBXBuildFile section */

/* Begin PBXCopyFilesBuildPhase section */
		3AE89B4226E7F0B300A4C1BA /* CopyFiles */ = {
			isa = PBXCopyFilesBuildPhase;
			buildActionMask = 2147483647;
			dstPath = /usr/share/man/man1/;
			dstSubfolderSpec = 0;
			files = (
			);
			runOnlyForDeploymentPostprocessing = 1;
		};
/* End PBXCopyFilesBuildPhase section */

/* Begin PBXFileReference section */
		3AE772EF26E7F9C600F8B98E /* warAndPeaceTextFile.png */ = {isa = PBXFileReference; lastKnownFileType = image.png; path = warAndPeaceTextFile.png; sourceTree = "<group>"; };
		3AE772F026E7F9E300F8B98E /* shifrMessage.png */ = {isa = PBXFileReference; lastKnownFileType = image.png; path = shifrMessage.png; sourceTree = "<group>"; };
		3AE772F126E7F9FA00F8B98E /* AnalizationText.png */ = {isa = PBXFileReference; lastKnownFileType = image.png; path = AnalizationText.png; sourceTree = "<group>"; };
		3AE89B4426E7F0B300A4C1BA /* СaesarKeyShifration */ = {isa = PBXFileReference; explicitFileType = "compiled.mach-o.executable"; includeInIndex = 0; path = "СaesarKeyShifration"; sourceTree = BUILT_PRODUCTS_DIR; };
		3AE89B4726E7F0B300A4C1BA /* main.swift */ = {isa = PBXFileReference; lastKnownFileType = sourcecode.swift; path = main.swift; sourceTree = "<group>"; };
		3AE89B4E26E7F26000A4C1BA /* PopularCharacted.swift */ = {isa = PBXFileReference; lastKnownFileType = sourcecode.swift; path = PopularCharacted.swift; sourceTree = "<group>"; };
		3AE89B5026E7F28300A4C1BA /* ChezarShifr.swift */ = {isa = PBXFileReference; lastKnownFileType = sourcecode.swift; path = ChezarShifr.swift; sourceTree = "<group>"; };
		3AE89B5226E7F2EC00A4C1BA /* WarAndPeace.txt */ = {isa = PBXFileReference; lastKnownFileType = text; path = WarAndPeace.txt; sourceTree = "<group>"; };
/* End PBXFileReference section */

/* Begin PBXFrameworksBuildPhase section */
		3AE89B4126E7F0B300A4C1BA /* Frameworks */ = {
			isa = PBXFrameworksBuildPhase;
			buildActionMask = 2147483647;
			files = (
			);
			runOnlyForDeploymentPostprocessing = 0;
		};
/* End PBXFrameworksBuildPhase section */

/* Begin PBXGroup section */
		3AE772EE26E7F9A200F8B98E /* Images */ = {
			isa = PBXGroup;
			children = (
				3AE772F126E7F9FA00F8B98E /* AnalizationText.png */,
				3AE772EF26E7F9C600F8B98E /* warAndPeaceTextFile.png */,
				3AE772F026E7F9E300F8B98E /* shifrMessage.png */,
			);
			path = Images;
			sourceTree = "<group>";
		};
		3AE89B3B26E7F0B300A4C1BA = {
			isa = PBXGroup;
			children = (
				3AE772EE26E7F9A200F8B98E /* Images */,
				3AE89B4626E7F0B300A4C1BA /* СaesarKeyShifration */,
				3AE89B4526E7F0B300A4C1BA /* Products */,
			);
			sourceTree = "<group>";
		};
		3AE89B4526E7F0B300A4C1BA /* Products */ = {
			isa = PBXGroup;
			children = (
				3AE89B4426E7F0B300A4C1BA /* СaesarKeyShifration */,
			);
			name = Products;
			sourceTree = "<group>";
		};
		3AE89B4626E7F0B300A4C1BA /* СaesarKeyShifration */ = {
			isa = PBXGroup;
			children = (
				3AE89B4726E7F0B300A4C1BA /* main.swift */,
				3AE89B4E26E7F26000A4C1BA /* PopularCharacted.swift */,
				3AE89B5026E7F28300A4C1BA /* ChezarShifr.swift */,
				3AE89B5226E7F2EC00A4C1BA /* WarAndPeace.txt */,
			);
			path = "СaesarKeyShifration";
			sourceTree = "<group>";
		};
/* End PBXGroup section */

/* Begin PBXNativeTarget section */
		3AE89B4326E7F0B300A4C1BA /* СaesarKeyShifration */ = {
			isa = PBXNativeTarget;
			buildConfigurationList = 3AE89B4B26E7F0B300A4C1BA /* Build configuration list for PBXNativeTarget "СaesarKeyShifration" */;
			buildPhases = (
				3AE89B4026E7F0B300A4C1BA /* Sources */,
				3AE89B4126E7F0B300A4C1BA /* Frameworks */,
				3AE89B4226E7F0B300A4C1BA /* CopyFiles */,
			);
			buildRules = (
			);
			dependencies = (
			);
			name = "СaesarKeyShifration";
			productName = "СaesarKeyShifration";
			productReference = 3AE89B4426E7F0B300A4C1BA /* СaesarKeyShifration */;
			productType = "com.apple.product-type.tool";
		};
/* End PBXNativeTarget section */

/* Begin PBXProject section */
		3AE89B3C26E7F0B300A4C1BA /* Project object */ = {
			isa = PBXProject;
			attributes = {
				LastSwiftUpdateCheck = 1250;
				LastUpgradeCheck = 1250;
				TargetAttributes = {
					3AE89B4326E7F0B300A4C1BA = {
						CreatedOnToolsVersion = 12.5.1;
					};
				};
			};
			buildConfigurationList = 3AE89B3F26E7F0B300A4C1BA /* Build configuration list for PBXProject "СaesarKeyShifration" */;
			compatibilityVersion = "Xcode 9.3";
			developmentRegion = en;
			hasScannedForEncodings = 0;
			knownRegions = (
				en,
				Base,
			);
			mainGroup = 3AE89B3B26E7F0B300A4C1BA;
			productRefGroup = 3AE89B4526E7F0B300A4C1BA /* Products */;
			projectDirPath = "";
			projectRoot = "";
			targets = (
				3AE89B4326E7F0B300A4C1BA /* СaesarKeyShifration */,
			);
		};
/* End PBXProject section */

/* Begin PBXSourcesBuildPhase section */
		3AE89B4026E7F0B300A4C1BA /* Sources */ = {
			isa = PBXSourcesBuildPhase;
			buildActionMask = 2147483647;
			files = (
				3AE89B5126E7F28300A4C1BA /* ChezarShifr.swift in Sources */,
				3AE89B4826E7F0B300A4C1BA /* main.swift in Sources */,
				3AE89B4F26E7F26000A4C1BA /* PopularCharacted.swift in Sources */,
			);
			runOnlyForDeploymentPostprocessing = 0;
		};
/* End PBXSourcesBuildPhase section */

/* Begin XCBuildConfiguration section */
		3AE89B4926E7F0B300A4C1BA /* Debug */ = {
			isa = XCBuildConfiguration;
			buildSettings = {
				ALWAYS_SEARCH_USER_PATHS = NO;
				CLANG_ANALYZER_NONNULL = YES;
				CLANG_ANALYZER_NUMBER_OBJECT_CONVERSION = YES_AGGRESSIVE;
				CLANG_CXX_LANGUAGE_STANDARD = "gnu++14";
				CLANG_CXX_LIBRARY = "libc++";
				CLANG_ENABLE_MODULES = YES;
				CLANG_ENABLE_OBJC_ARC = YES;
				CLANG_ENABLE_OBJC_WEAK = YES;
				CLANG_WARN_BLOCK_CAPTURE_AUTORELEASING = YES;
				CLANG_WARN_BOOL_CONVERSION = YES;
				CLANG_WARN_COMMA = YES;
				CLANG_WARN_CONSTANT_CONVERSION = YES;
				CLANG_WARN_DEPRECATED_OBJC_IMPLEMENTATIONS = YES;
				CLANG_WARN_DIRECT_OBJC_ISA_USAGE = YES_ERROR;
				CLANG_WARN_DOCUMENTATION_COMMENTS = YES;
				CLANG_WARN_EMPTY_BODY = YES;
				CLANG_WARN_ENUM_CONVERSION = YES;
				CLANG_WARN_INFINITE_RECURSION = YES;
				CLANG_WARN_INT_CONVERSION = YES;
				CLANG_WARN_NON_LITERAL_NULL_CONVERSION = YES;
				CLANG_WARN_OBJC_IMPLICIT_RETAIN_SELF = YES;
				CLANG_WARN_OBJC_LITERAL_CONVERSION = YES;
				CLANG_WARN_OBJC_ROOT_CLASS = YES_ERROR;
				CLANG_WARN_QUOTED_INCLUDE_IN_FRAMEWORK_HEADER = YES;
				CLANG_WARN_RANGE_LOOP_ANALYSIS = YES;
				CLANG_WARN_STRICT_PROTOTYPES = YES;
				CLANG_WARN_SUSPICIOUS_MOVE = YES;
				CLANG_WARN_UNGUARDED_AVAILABILITY = YES_AGGRESSIVE;
				CLANG_WARN_UNREACHABLE_CODE = YES;
				CLANG_WARN__DUPLICATE_METHOD_MATCH = YES;
				COPY_PHASE_STRIP = NO;
				DEBUG_INFORMATION_FORMAT = dwarf;
				ENABLE_STRICT_OBJC_MSGSEND = YES;
				ENABLE_TESTABILITY = YES;
				GCC_C_LANGUAGE_STANDARD = gnu11;
				GCC_DYNAMIC_NO_PIC = NO;
				GCC_NO_COMMON_BLOCKS = YES;
				GCC_OPTIMIZATION_LEVEL = 0;
				GCC_PREPROCESSOR_DEFINITIONS = (
					"DEBUG=1",
					"$(inherited)",
				);
				GCC_WARN_64_TO_32_BIT_CONVERSION = YES;
				GCC_WARN_ABOUT_RETURN_TYPE = YES_ERROR;
				GCC_WARN_UNDECLARED_SELECTOR = YES;
				GCC_WARN_UNINITIALIZED_AUTOS = YES_AGGRESSIVE;
				GCC_WARN_UNUSED_FUNCTION = YES;
				GCC_WARN_UNUSED_VARIABLE = YES;
				MACOSX_DEPLOYMENT_TARGET = 11.3;
				MTL_ENABLE_DEBUG_INFO = INCLUDE_SOURCE;
				MTL_FAST_MATH = YES;
				ONLY_ACTIVE_ARCH = YES;
				SDKROOT = macosx;
				SWIFT_ACTIVE_COMPILATION_CONDITIONS = DEBUG;
				SWIFT_OPTIMIZATION_LEVEL = "-Onone";
			};
			name = Debug;
		};
		3AE89B4A26E7F0B300A4C1BA /* Release */ = {
			isa = XCBuildConfiguration;
			buildSettings = {
				ALWAYS_SEARCH_USER_PATHS = NO;
				CLANG_ANALYZER_NONNULL = YES;
				CLANG_ANALYZER_NUMBER_OBJECT_CONVERSION = YES_AGGRESSIVE;
				CLANG_CXX_LANGUAGE_STANDARD = "gnu++14";
				CLANG_CXX_LIBRARY = "libc++";
				CLANG_ENABLE_MODULES = YES;
				CLANG_ENABLE_OBJC_ARC = YES;
				CLANG_ENABLE_OBJC_WEAK = YES;
				CLANG_WARN_BLOCK_CAPTURE_AUTORELEASING = YES;
				CLANG_WARN_BOOL_CONVERSION = YES;
				CLANG_WARN_COMMA = YES;
				CLANG_WARN_CONSTANT_CONVERSION = YES;
				CLANG_WARN_DEPRECATED_OBJC_IMPLEMENTATIONS = YES;
				CLANG_WARN_DIRECT_OBJC_ISA_USAGE = YES_ERROR;
				CLANG_WARN_DOCUMENTATION_COMMENTS = YES;
				CLANG_WARN_EMPTY_BODY = YES;
				CLANG_WARN_ENUM_CONVERSION = YES;
				CLANG_WARN_INFINITE_RECURSION = YES;
				CLANG_WARN_INT_CONVERSION = YES;
				CLANG_WARN_NON_LITERAL_NULL_CONVERSION = YES;
				CLANG_WARN_OBJC_IMPLICIT_RETAIN_SELF = YES;
				CLANG_WARN_OBJC_LITERAL_CONVERSION = YES;
				CLANG_WARN_OBJC_ROOT_CLASS = YES_ERROR;
				CLANG_WARN_QUOTED_INCLUDE_IN_FRAMEWORK_HEADER = YES;
				CLANG_WARN_RANGE_LOOP_ANALYSIS = YES;
				CLANG_WARN_STRICT_PROTOTYPES = YES;
				CLANG_WARN_SUSPICIOUS_MOVE = YES;
				CLANG_WARN_UNGUARDED_AVAILABILITY = YES_AGGRESSIVE;
				CLANG_WARN_UNREACHABLE_CODE = YES;
				CLANG_WARN__DUPLICATE_METHOD_MATCH = YES;
				COPY_PHASE_STRIP = NO;
				DEBUG_INFORMATION_FORMAT = "dwarf-with-dsym";
				ENABLE_NS_ASSERTIONS = NO;
				ENABLE_STRICT_OBJC_MSGSEND = YES;
				GCC_C_LANGUAGE_STANDARD = gnu11;
				GCC_NO_COMMON_BLOCKS = YES;
				GCC_WARN_64_TO_32_BIT_CONVERSION = YES;
				GCC_WARN_ABOUT_RETURN_TYPE = YES_ERROR;
				GCC_WARN_UNDECLARED_SELECTOR = YES;
				GCC_WARN_UNINITIALIZED_AUTOS = YES_AGGRESSIVE;
				GCC_WARN_UNUSED_FUNCTION = YES;
				GCC_WARN_UNUSED_VARIABLE = YES;
				MACOSX_DEPLOYMENT_TARGET = 11.3;
				MTL_ENABLE_DEBUG_INFO = NO;
				MTL_FAST_MATH = YES;
				SDKROOT = macosx;
				SWIFT_COMPILATION_MODE = wholemodule;
				SWIFT_OPTIMIZATION_LEVEL = "-O";
			};
			name = Release;
		};
		3AE89B4C26E7F0B300A4C1BA /* Debug */ = {
			isa = XCBuildConfiguration;
			buildSettings = {
				CODE_SIGN_STYLE = Automatic;
				PRODUCT_NAME = "$(TARGET_NAME)";
				SWIFT_VERSION = 5.0;
			};
			name = Debug;
		};
		3AE89B4D26E7F0B300A4C1BA /* Release */ = {
			isa = XCBuildConfiguration;
			buildSettings = {
				CODE_SIGN_STYLE = Automatic;
				PRODUCT_NAME = "$(TARGET_NAME)";
				SWIFT_VERSION = 5.0;
			};
			name = Release;
		};
/* End XCBuildConfiguration section */

/* Begin XCConfigurationList section */
		3AE89B3F26E7F0B300A4C1BA /* Build configuration list for PBXProject "СaesarKeyShifration" */ = {
			isa = XCConfigurationList;
			buildConfigurations = (
				3AE89B4926E7F0B300A4C1BA /* Debug */,
				3AE89B4A26E7F0B300A4C1BA /* Release */,
			);
			defaultConfigurationIsVisible = 0;
			defaultConfigurationName = Release;
		};
		3AE89B4B26E7F0B300A4C1BA /* Build configuration list for PBXNativeTarget "СaesarKeyShifration" */ = {
			isa = XCConfigurationList;
			buildConfigurations = (
				3AE89B4C26E7F0B300A4C1BA /* Debug */,
				3AE89B4D26E7F0B300A4C1BA /* Release */,
			);
			defaultConfigurationIsVisible = 0;
			defaultConfigurationName = Release;
		};
/* End XCConfigurationList section */
	};
	rootObject = 3AE89B3C26E7F0B300A4C1BA /* Project object */;
}
